
Microsoft Visual Studio Solution File, Format Version 12.00
# Visual Studio Version 17
VisualStudioVersion = 17.14.36603.0 d17.14
MinimumVisualStudioVersion = 10.0.40219.1
Project("{FAE04EC0-301F-11D3-BF4B-00C04F79EFBC}") = "Scraper", "Scrapper.csproj", "{ED631D0D-FF76-400D-9C3D-E25D99AEDDE2}"
EndProject
Global
	GlobalSection(SolutionConfigurationPlatforms) = preSolution
		Debug|Any CPU = Debug|Any CPU
		Release|Any CPU = Release|Any CPU
	EndGlobalSection
	GlobalSection(ProjectConfigurationPlatforms) = postSolution
		{ED631D0D-FF76-400D-9C3D-E25D99AEDDE2}.Debug|Any CPU.ActiveCfg = Debug|Any CPU
		{ED631D0D-FF76-400D-9C3D-E25D99AEDDE2}.Debug|Any CPU.Build.0 = Debug|Any CPU
		{ED631D0D-FF76-400D-9C3D-E25D99AEDDE2}.Release|Any CPU.ActiveCfg = Release|Any CPU
		{ED631D0D-FF76-400D-9C3D-E25D99AEDDE2}.Release|Any CPU.Build.0 = Release|Any CPU
	EndGlobalSection
	GlobalSection(SolutionProperties) = preSolution
		HideSolutionNode = FALSE
	EndGlobalSection
	GlobalSection(ExtensibilityGlobals) = postSolution
		SolutionGuid = {3D487933-55FC-4690-9A5B-2665035AE509}
	EndGlobalSection
EndGlobal
